
Microsoft Visual Studio Solution File, Format Version 12.00
# Visual Studio 15
VisualStudioVersion = 15.0.26124.0
MinimumVisualStudioVersion = 15.0.26124.0
Project("{9A19103F-16F7-4668-BE54-9A1E7A4F7556}") = "Afonin.Common.StackAlloc", "Afonin.Common.StackAlloc\Afonin.Common.StackAlloc.csproj", "{9F16FDD8-121B-4658-96E9-007D1237D774}"
EndProject
Project("{2150E333-8FDC-42A3-9474-1A3956D46DE8}") = "Solution Items", "Solution Items", "{CD90BDEA-B66F-42DC-812A-60B25F061309}"
	ProjectSection(SolutionItems) = preProject
		.gitignore = .gitignore
	EndProjectSection
EndProject
Project("{9A19103F-16F7-4668-BE54-9A1E7A4F7556}") = "Afonin.Common.SohObjects", "Afonin.Common.SohObjects\Afonin.Common.SohObjects.csproj", "{FECAE366-29F9-41E9-9ABF-CF57803E991B}"
EndProject
Project("{9A19103F-16F7-4668-BE54-9A1E7A4F7556}") = "Afonin.Common.ClrTypes", "Afonin.Common.ClrTypes\Afonin.Common.ClrTypes.csproj", "{CF6FC705-058D-44CF-9206-8E300F78B31A}"
EndProject
Project("{FAE04EC0-301F-11D3-BF4B-00C04F79EFBC}") = "Afonin.Common.PrototypeParadigm", "Afonin.Common.PrototypeParadigm\Afonin.Common.PrototypeParadigm.csproj", "{B8946E88-A398-4106-9C9D-248E8AF7D121}"
EndProject
Global
	GlobalSection(SolutionConfigurationPlatforms) = preSolution
		Debug|Any CPU = Debug|Any CPU
		Debug|x64 = Debug|x64
		Debug|x86 = Debug|x86
		Release|Any CPU = Release|Any CPU
		Release|x64 = Release|x64
		Release|x86 = Release|x86
	EndGlobalSection
	GlobalSection(ProjectConfigurationPlatforms) = postSolution
		{9F16FDD8-121B-4658-96E9-007D1237D774}.Debug|Any CPU.ActiveCfg = Debug|Any CPU
		{9F16FDD8-121B-4658-96E9-007D1237D774}.Debug|Any CPU.Build.0 = Debug|Any CPU
		{9F16FDD8-121B-4658-96E9-007D1237D774}.Debug|x64.ActiveCfg = Debug|Any CPU
		{9F16FDD8-121B-4658-96E9-007D1237D774}.Debug|x64.Build.0 = Debug|Any CPU
		{9F16FDD8-121B-4658-96E9-007D1237D774}.Debug|x86.ActiveCfg = Debug|Any CPU
		{9F16FDD8-121B-4658-96E9-007D1237D774}.Debug|x86.Build.0 = Debug|Any CPU
		{9F16FDD8-121B-4658-96E9-007D1237D774}.Release|Any CPU.ActiveCfg = Release|Any CPU
		{9F16FDD8-121B-4658-96E9-007D1237D774}.Release|Any CPU.Build.0 = Release|Any CPU
		{9F16FDD8-121B-4658-96E9-007D1237D774}.Release|x64.ActiveCfg = Release|Any CPU
		{9F16FDD8-121B-4658-96E9-007D1237D774}.Release|x64.Build.0 = Release|Any CPU
		{9F16FDD8-121B-4658-96E9-007D1237D774}.Release|x86.ActiveCfg = Release|Any CPU
		{9F16FDD8-121B-4658-96E9-007D1237D774}.Release|x86.Build.0 = Release|Any CPU
		{FECAE366-29F9-41E9-9ABF-CF57803E991B}.Debug|Any CPU.ActiveCfg = Debug|Any CPU
		{FECAE366-29F9-41E9-9ABF-CF57803E991B}.Debug|Any CPU.Build.0 = Debug|Any CPU
		{FECAE366-29F9-41E9-9ABF-CF57803E991B}.Debug|x64.ActiveCfg = Debug|Any CPU
		{FECAE366-29F9-41E9-9ABF-CF57803E991B}.Debug|x64.Build.0 = Debug|Any CPU
		{FECAE366-29F9-41E9-9ABF-CF57803E991B}.Debug|x86.ActiveCfg = Debug|Any CPU
		{FECAE366-29F9-41E9-9ABF-CF57803E991B}.Debug|x86.Build.0 = Debug|Any CPU
		{FECAE366-29F9-41E9-9ABF-CF57803E991B}.Release|Any CPU.ActiveCfg = Release|Any CPU
		{FECAE366-29F9-41E9-9ABF-CF57803E991B}.Release|Any CPU.Build.0 = Release|Any CPU
		{FECAE366-29F9-41E9-9ABF-CF57803E991B}.Release|x64.ActiveCfg = Release|Any CPU
		{FECAE366-29F9-41E9-9ABF-CF57803E991B}.Release|x64.Build.0 = Release|Any CPU
		{FECAE366-29F9-41E9-9ABF-CF57803E991B}.Release|x86.ActiveCfg = Release|Any CPU
		{FECAE366-29F9-41E9-9ABF-CF57803E991B}.Release|x86.Build.0 = Release|Any CPU
		{CF6FC705-058D-44CF-9206-8E300F78B31A}.Debug|Any CPU.ActiveCfg = Debug|Any CPU
		{CF6FC705-058D-44CF-9206-8E300F78B31A}.Debug|Any CPU.Build.0 = Debug|Any CPU
		{CF6FC705-058D-44CF-9206-8E300F78B31A}.Debug|x64.ActiveCfg = Debug|Any CPU
		{CF6FC705-058D-44CF-9206-8E300F78B31A}.Debug|x64.Build.0 = Debug|Any CPU
		{CF6FC705-058D-44CF-9206-8E300F78B31A}.Debug|x86.ActiveCfg = Debug|Any CPU
		{CF6FC705-058D-44CF-9206-8E300F78B31A}.Debug|x86.Build.0 = Debug|Any CPU
		{CF6FC705-058D-44CF-9206-8E300F78B31A}.Release|Any CPU.ActiveCfg = Release|Any CPU
		{CF6FC705-058D-44CF-9206-8E300F78B31A}.Release|Any CPU.Build.0 = Release|Any CPU
		{CF6FC705-058D-44CF-9206-8E300F78B31A}.Release|x64.ActiveCfg = Release|Any CPU
		{CF6FC705-058D-44CF-9206-8E300F78B31A}.Release|x64.Build.0 = Release|Any CPU
		{CF6FC705-058D-44CF-9206-8E300F78B31A}.Release|x86.ActiveCfg = Release|Any CPU
		{CF6FC705-058D-44CF-9206-8E300F78B31A}.Release|x86.Build.0 = Release|Any CPU
		{B8946E88-A398-4106-9C9D-248E8AF7D121}.Debug|Any CPU.ActiveCfg = Debug|Any CPU
		{B8946E88-A398-4106-9C9D-248E8AF7D121}.Debug|Any CPU.Build.0 = Debug|Any CPU
		{B8946E88-A398-4106-9C9D-248E8AF7D121}.Debug|x64.ActiveCfg = Debug|Any CPU
		{B8946E88-A398-4106-9C9D-248E8AF7D121}.Debug|x64.Build.0 = Debug|Any CPU
		{B8946E88-A398-4106-9C9D-248E8AF7D121}.Debug|x86.ActiveCfg = Debug|Any CPU
		{B8946E88-A398-4106-9C9D-248E8AF7D121}.Debug|x86.Build.0 = Debug|Any CPU
		{B8946E88-A398-4106-9C9D-248E8AF7D121}.Release|Any CPU.ActiveCfg = Release|Any CPU
		{B8946E88-A398-4106-9C9D-248E8AF7D121}.Release|Any CPU.Build.0 = Release|Any CPU
		{B8946E88-A398-4106-9C9D-248E8AF7D121}.Release|x64.ActiveCfg = Release|Any CPU
		{B8946E88-A398-4106-9C9D-248E8AF7D121}.Release|x64.Build.0 = Release|Any CPU
		{B8946E88-A398-4106-9C9D-248E8AF7D121}.Release|x86.ActiveCfg = Release|Any CPU
		{B8946E88-A398-4106-9C9D-248E8AF7D121}.Release|x86.Build.0 = Release|Any CPU
	EndGlobalSection
	GlobalSection(SolutionProperties) = preSolution
		HideSolutionNode = FALSE
	EndGlobalSection
	GlobalSection(ExtensibilityGlobals) = postSolution
		SolutionGuid = {51EE6131-1BAB-4F51-97FD-9C5AFF5EAE4F}
	EndGlobalSection
EndGlobal
